
Microsoft Visual Studio Solution File, Format Version 10.00
# Visual Studio 2008
Project("{54435603-DBB4-11D2-8724-00A0C9A8B90C}") = "otel24", "otel24\otel24.vdproj", "{7FC37A4B-0A74-4C72-99FD-8E42ADB658C3}"
EndProject
Global
	GlobalSection(SolutionConfigurationPlatforms) = preSolution
		Debug|Default = Debug|Default
		Release|Default = Release|Default
	EndGlobalSection
	GlobalSection(ProjectConfigurationPlatforms) = postSolution
		{7FC37A4B-0A74-4C72-99FD-8E42ADB658C3}.Debug|Default.ActiveCfg = Debug
		{7FC37A4B-0A74-4C72-99FD-8E42ADB658C3}.Debug|Default.Build.0 = Debug
		{7FC37A4B-0A74-4C72-99FD-8E42ADB658C3}.Release|Default.ActiveCfg = Release
		{7FC37A4B-0A74-4C72-99FD-8E42ADB658C3}.Release|Default.Build.0 = Release
	EndGlobalSection
	GlobalSection(SolutionProperties) = preSolution
		HideSolutionNode = FALSE
	EndGlobalSection
EndGlobal
